
Microsoft Visual Studio Solution File, Format Version 12.00
# Visual Studio Version 16
VisualStudioVersion = 16.0.31624.102
MinimumVisualStudioVersion = 10.0.40219.1
Project("{FAE04EC0-301F-11D3-BF4B-00C04F79EFBC}") = "lab6", "lab6\lab6.csproj", "{184209B8-5A09-4D98-B07A-B81032B1A419}"
EndProject
Global
	GlobalSection(SolutionConfigurationPlatforms) = preSolution
		Debug|Any CPU = Debug|Any CPU
		Release|Any CPU = Release|Any CPU
	EndGlobalSection
	GlobalSection(ProjectConfigurationPlatforms) = postSolution
		{184209B8-5A09-4D98-B07A-B81032B1A419}.Debug|Any CPU.ActiveCfg = Debug|Any CPU
		{184209B8-5A09-4D98-B07A-B81032B1A419}.Debug|Any CPU.Build.0 = Debug|Any CPU
		{184209B8-5A09-4D98-B07A-B81032B1A419}.Release|Any CPU.ActiveCfg = Release|Any CPU
		{184209B8-5A09-4D98-B07A-B81032B1A419}.Release|Any CPU.Build.0 = Release|Any CPU
	EndGlobalSection
	GlobalSection(SolutionProperties) = preSolution
		HideSolutionNode = FALSE
	EndGlobalSection
	GlobalSection(ExtensibilityGlobals) = postSolution
		SolutionGuid = {3C3A57BF-A91D-49B2-A9C5-8BC4938D25BD}
	EndGlobalSection
EndGlobal
